
Microsoft Visual Studio Solution File, Format Version 12.00
# Visual Studio Version 16
VisualStudioVersion = 16.0.30717.126
MinimumVisualStudioVersion = 10.0.40219.1
Project("{FAE04EC0-301F-11D3-BF4B-00C04F79EFBC}") = "PortMisDataToDB", "PortMisDataToDB.csproj", "{AF6E185F-2DE5-4778-A246-DBB9D97772C7}"
EndProject
Project("{54435603-DBB4-11D2-8724-00A0C9A8B90C}") = "PormisToDBSetup", "..\PormisToDBSetup\PormisToDBSetup.vdproj", "{9ED2E6E6-9596-49F2-ABC3-1D35970712E9}"
EndProject
Global
	GlobalSection(SolutionConfigurationPlatforms) = preSolution
		Debug|Any CPU = Debug|Any CPU
		Release|Any CPU = Release|Any CPU
	EndGlobalSection
	GlobalSection(ProjectConfigurationPlatforms) = postSolution
		{AF6E185F-2DE5-4778-A246-DBB9D97772C7}.Debug|Any CPU.ActiveCfg = Debug|Any CPU
		{AF6E185F-2DE5-4778-A246-DBB9D97772C7}.Debug|Any CPU.Build.0 = Debug|Any CPU
		{AF6E185F-2DE5-4778-A246-DBB9D97772C7}.Release|Any CPU.ActiveCfg = Release|Any CPU
		{AF6E185F-2DE5-4778-A246-DBB9D97772C7}.Release|Any CPU.Build.0 = Release|Any CPU
		{9ED2E6E6-9596-49F2-ABC3-1D35970712E9}.Debug|Any CPU.ActiveCfg = Debug
		{9ED2E6E6-9596-49F2-ABC3-1D35970712E9}.Release|Any CPU.ActiveCfg = Release
	EndGlobalSection
	GlobalSection(SolutionProperties) = preSolution
		HideSolutionNode = FALSE
	EndGlobalSection
	GlobalSection(ExtensibilityGlobals) = postSolution
		SolutionGuid = {C686314B-CDAA-4B2F-9E65-C80181AB8385}
	EndGlobalSection
EndGlobal
